# This file was autogenerated by Stack.
# You should not edit this file by hand.
# For more information, please see the documentation at:
#   https://docs.haskellstack.org/en/stable/lock_files

packages:
- completed:
    hackage: discord-haskell-1.6.1@sha256:bcede12f4ac273e5f36e41c7ca80e901a723143030122c5ca87296819d011b63,3472
    pantry-tree:
      size: 2108
      sha256: 93faab153a6e4d65f71c22bfadde95c17cb7f3820e9bb9a2732ccdb2c7ca2fad
  original:
    hackage: discord-haskell-1.6.1
- completed:
    hackage: emoji-0.1.0.2@sha256:d995572a5c7dcd28f98eb15c6e387a7b3bda1ac2477ab0d9dba8580d5d7b161f,1273
    pantry-tree:
      size: 437
      sha256: dd9ea90a631342e5db0fc21331ade4d563a685e9125d5a3989eefa8e1b96c6c6
  original:
    hackage: emoji-0.1.0.2
- completed:
    hackage: servant-multipart-0.11.5@sha256:1633f715b5b53d648a1da69839bdc5046599f4f7244944d4bbf852dba38d8f4b,2319
    pantry-tree:
      size: 333
      sha256: b3e1fd2ad2e654475be000c2f0ac6f717b5499436fa73eec50ceccddf352dcec
  original:
    hackage: servant-multipart-0.11.5
- completed:
    hackage: telegram-bot-simple-0.3.1@sha256:60f9c76592a3baaf7a98b7a3bd9d6dee3c2935886df34a06bc979382e7738969,3499
    pantry-tree:
      size: 1835
      sha256: 032a6714e01fa980f28b40efde94dd150c0dc656ebb3ac1b44ff7df0e338230a
  original:
    hackage: telegram-bot-simple-0.3.1
snapshots:
- completed:
    size: 534126
    url: https://raw.githubusercontent.com/commercialhaskell/stackage-snapshots/master/lts/16/31.yaml
    sha256: 637fb77049b25560622a224845b7acfe81a09fdb6a96a3c75997a10b651667f6
  original: lts-16.31
